
Microsoft Visual Studio Solution File, Format Version 12.00
# Visual Studio Version 17
VisualStudioVersion = 17.5.002.0
MinimumVisualStudioVersion = 10.0.40219.1
Project("{FAE04EC0-301F-11D3-BF4B-00C04F79EFBC}") = "TDP.Domain", "TDP.Domain\TDP.Domain.csproj", "{A76239E2-AC0F-4489-BB02-4CBB48F32F6F}"
EndProject
Project("{FAE04EC0-301F-11D3-BF4B-00C04F79EFBC}") = "TDP.Main", "TDP.Main\TDP.Main.csproj", "{10FBEB6C-B983-48CE-B04B-450B233CFA58}"
EndProject
Project("{FAE04EC0-301F-11D3-BF4B-00C04F79EFBC}") = "TDP.Http", "TDP.Http\TDP.Http.csproj", "{89C0C26F-1D74-44E3-A03B-D180563D8D43}"
EndProject
Global
	GlobalSection(SolutionProperties) = preSolution
		HideSolutionNode = FALSE
	EndGlobalSection
	GlobalSection(ExtensibilityGlobals) = postSolution
		SolutionGuid = {91D680D5-958E-4B2F-8C1B-5CFD95DD246A}
	EndGlobalSection
	GlobalSection(SolutionConfigurationPlatforms) = preSolution
		Debug|Any CPU = Debug|Any CPU
		Debug|x64 = Debug|x64
		Debug|x86 = Debug|x86
		Release|Any CPU = Release|Any CPU
		Release|x64 = Release|x64
		Release|x86 = Release|x86
	EndGlobalSection
	GlobalSection(ProjectConfigurationPlatforms) = postSolution
		{A76239E2-AC0F-4489-BB02-4CBB48F32F6F}.Debug|Any CPU.ActiveCfg = Debug|Any CPU
		{A76239E2-AC0F-4489-BB02-4CBB48F32F6F}.Debug|Any CPU.Build.0 = Debug|Any CPU
		{A76239E2-AC0F-4489-BB02-4CBB48F32F6F}.Debug|x64.ActiveCfg = Debug|Any CPU
		{A76239E2-AC0F-4489-BB02-4CBB48F32F6F}.Debug|x64.Build.0 = Debug|Any CPU
		{A76239E2-AC0F-4489-BB02-4CBB48F32F6F}.Debug|x86.ActiveCfg = Debug|Any CPU
		{A76239E2-AC0F-4489-BB02-4CBB48F32F6F}.Debug|x86.Build.0 = Debug|Any CPU
		{A76239E2-AC0F-4489-BB02-4CBB48F32F6F}.Release|Any CPU.ActiveCfg = Release|Any CPU
		{A76239E2-AC0F-4489-BB02-4CBB48F32F6F}.Release|Any CPU.Build.0 = Release|Any CPU
		{A76239E2-AC0F-4489-BB02-4CBB48F32F6F}.Release|x64.ActiveCfg = Release|Any CPU
		{A76239E2-AC0F-4489-BB02-4CBB48F32F6F}.Release|x64.Build.0 = Release|Any CPU
		{A76239E2-AC0F-4489-BB02-4CBB48F32F6F}.Release|x86.ActiveCfg = Release|Any CPU
		{A76239E2-AC0F-4489-BB02-4CBB48F32F6F}.Release|x86.Build.0 = Release|Any CPU
		{10FBEB6C-B983-48CE-B04B-450B233CFA58}.Debug|Any CPU.ActiveCfg = Debug|Any CPU
		{10FBEB6C-B983-48CE-B04B-450B233CFA58}.Debug|Any CPU.Build.0 = Debug|Any CPU
		{10FBEB6C-B983-48CE-B04B-450B233CFA58}.Debug|x64.ActiveCfg = Debug|Any CPU
		{10FBEB6C-B983-48CE-B04B-450B233CFA58}.Debug|x64.Build.0 = Debug|Any CPU
		{10FBEB6C-B983-48CE-B04B-450B233CFA58}.Debug|x86.ActiveCfg = Debug|Any CPU
		{10FBEB6C-B983-48CE-B04B-450B233CFA58}.Debug|x86.Build.0 = Debug|Any CPU
		{10FBEB6C-B983-48CE-B04B-450B233CFA58}.Release|Any CPU.ActiveCfg = Release|Any CPU
		{10FBEB6C-B983-48CE-B04B-450B233CFA58}.Release|Any CPU.Build.0 = Release|Any CPU
		{10FBEB6C-B983-48CE-B04B-450B233CFA58}.Release|x64.ActiveCfg = Release|Any CPU
		{10FBEB6C-B983-48CE-B04B-450B233CFA58}.Release|x64.Build.0 = Release|Any CPU
		{10FBEB6C-B983-48CE-B04B-450B233CFA58}.Release|x86.ActiveCfg = Release|Any CPU
		{10FBEB6C-B983-48CE-B04B-450B233CFA58}.Release|x86.Build.0 = Release|Any CPU
		{89C0C26F-1D74-44E3-A03B-D180563D8D43}.Debug|Any CPU.ActiveCfg = Debug|Any CPU
		{89C0C26F-1D74-44E3-A03B-D180563D8D43}.Debug|Any CPU.Build.0 = Debug|Any CPU
		{89C0C26F-1D74-44E3-A03B-D180563D8D43}.Debug|x64.ActiveCfg = Debug|Any CPU
		{89C0C26F-1D74-44E3-A03B-D180563D8D43}.Debug|x64.Build.0 = Debug|Any CPU
		{89C0C26F-1D74-44E3-A03B-D180563D8D43}.Debug|x86.ActiveCfg = Debug|Any CPU
		{89C0C26F-1D74-44E3-A03B-D180563D8D43}.Debug|x86.Build.0 = Debug|Any CPU
		{89C0C26F-1D74-44E3-A03B-D180563D8D43}.Release|Any CPU.ActiveCfg = Release|Any CPU
		{89C0C26F-1D74-44E3-A03B-D180563D8D43}.Release|Any CPU.Build.0 = Release|Any CPU
		{89C0C26F-1D74-44E3-A03B-D180563D8D43}.Release|x64.ActiveCfg = Release|Any CPU
		{89C0C26F-1D74-44E3-A03B-D180563D8D43}.Release|x64.Build.0 = Release|Any CPU
		{89C0C26F-1D74-44E3-A03B-D180563D8D43}.Release|x86.ActiveCfg = Release|Any CPU
		{89C0C26F-1D74-44E3-A03B-D180563D8D43}.Release|x86.Build.0 = Release|Any CPU
	EndGlobalSection
EndGlobal
