
Microsoft Visual Studio Solution File, Format Version 12.00
# Visual Studio Version 17
VisualStudioVersion = 17.5.002.0
MinimumVisualStudioVersion = 10.0.40219.1
Project("{9A19103F-16F7-4668-BE54-9A1E7A4F7556}") = "trash-data-processor", "trash-data-processor.csproj", "{52F8E745-3EED-456F-9262-E056F23B743F}"
EndProject
Global
	GlobalSection(SolutionConfigurationPlatforms) = preSolution
		Debug|Any CPU = Debug|Any CPU
		Release|Any CPU = Release|Any CPU
	EndGlobalSection
	GlobalSection(ProjectConfigurationPlatforms) = postSolution
		{52F8E745-3EED-456F-9262-E056F23B743F}.Debug|Any CPU.ActiveCfg = Debug|Any CPU
		{52F8E745-3EED-456F-9262-E056F23B743F}.Debug|Any CPU.Build.0 = Debug|Any CPU
		{52F8E745-3EED-456F-9262-E056F23B743F}.Release|Any CPU.ActiveCfg = Release|Any CPU
		{52F8E745-3EED-456F-9262-E056F23B743F}.Release|Any CPU.Build.0 = Release|Any CPU
	EndGlobalSection
	GlobalSection(SolutionProperties) = preSolution
		HideSolutionNode = FALSE
	EndGlobalSection
	GlobalSection(ExtensibilityGlobals) = postSolution
		SolutionGuid = {91D680D5-958E-4B2F-8C1B-5CFD95DD246A}
	EndGlobalSection
EndGlobal
